
Microsoft Visual Studio Solution File, Format Version 12.00
# Visual Studio Version 17
VisualStudioVersion = 17.7.34031.279
MinimumVisualStudioVersion = 10.0.40219.1
Project("{888888A0-9F3D-457C-B088-3A5042F75D52}") = "MailToCipher", "MailToCipher.pyproj", "{2DC70BB1-27FD-45A9-817A-E1AD77AE64DB}"
EndProject
Global
	GlobalSection(SolutionConfigurationPlatforms) = preSolution
		Debug|Any CPU = Debug|Any CPU
		Release|Any CPU = Release|Any CPU
	EndGlobalSection
	GlobalSection(ProjectConfigurationPlatforms) = postSolution
		{2DC70BB1-27FD-45A9-817A-E1AD77AE64DB}.Debug|Any CPU.ActiveCfg = Debug|Any CPU
		{2DC70BB1-27FD-45A9-817A-E1AD77AE64DB}.Release|Any CPU.ActiveCfg = Release|Any CPU
	EndGlobalSection
	GlobalSection(SolutionProperties) = preSolution
		HideSolutionNode = FALSE
	EndGlobalSection
	GlobalSection(ExtensibilityGlobals) = postSolution
		SolutionGuid = {4291748B-F26B-4C0F-A108-CE5E31B3A5F3}
	EndGlobalSection
EndGlobal
